// !$*UTF8*$!
{
	archiveVersion = 1;
	classes = {
	};
	objectVersion = 51;
	objects = {

/* Begin PBXBuildFile section */
		43008D542189E23F00AE6256 /* DesignView.swift in Sources */ = {isa = PBXBuildFile; fileRef = 43008D532189E23F00AE6256 /* DesignView.swift */; };
		4372DF76215D32AD00C5B469 /* AppDelegate.swift in Sources */ = {isa = PBXBuildFile; fileRef = 4372DF75215D32AD00C5B469 /* AppDelegate.swift */; };
		4372DF7B215D32AD00C5B469 /* Main.storyboard in Resources */ = {isa = PBXBuildFile; fileRef = 4372DF79215D32AD00C5B469 /* Main.storyboard */; };
		4372DF80215D32AD00C5B469 /* Assets.xcassets in Resources */ = {isa = PBXBuildFile; fileRef = 4372DF7F215D32AD00C5B469 /* Assets.xcassets */; };
		4372DF83215D32AD00C5B469 /* LaunchScreen.storyboard in Resources */ = {isa = PBXBuildFile; fileRef = 4372DF81215D32AD00C5B469 /* LaunchScreen.storyboard */; };
		437AE3D02195E51B003323E1 /* WikipediaKit.framework in Frameworks */ = {isa = PBXBuildFile; fileRef = 434B98F321936D1E00313D26 /* WikipediaKit.framework */; };
		437AE3D12195E51B003323E1 /* WikipediaKit.framework in Embed Frameworks */ = {isa = PBXBuildFile; fileRef = 434B98F321936D1E00313D26 /* WikipediaKit.framework */; settings = {ATTRIBUTES = (CodeSignOnCopy, RemoveHeadersOnCopy, ); }; };
		437D6302217A0E2C00AB0A9A /* LandmarkCell.swift in Sources */ = {isa = PBXBuildFile; fileRef = 437D6301217A0E2C00AB0A9A /* LandmarkCell.swift */; };
		437D6355217CAF5400AB0A9A /* WebViewController.swift in Sources */ = {isa = PBXBuildFile; fileRef = 437D6354217CAF5400AB0A9A /* WebViewController.swift */; };
		439C31B6216FAF34001214D5 /* LandmarkID.xcdatamodeld in Sources */ = {isa = PBXBuildFile; fileRef = 439C31B4216FAF34001214D5 /* LandmarkID.xcdatamodeld */; };
		43C628D4215E2CD8000D3CDD /* ImageSourceViewController.swift in Sources */ = {isa = PBXBuildFile; fileRef = 43C628D3215E2CD8000D3CDD /* ImageSourceViewController.swift */; };
		43C628DA215E2D58000D3CDD /* LandmarkListViewController.swift in Sources */ = {isa = PBXBuildFile; fileRef = 43C628D9215E2D58000D3CDD /* LandmarkListViewController.swift */; };
		43C628DC215E2D85000D3CDD /* LandmarkDetailViewController.swift in Sources */ = {isa = PBXBuildFile; fileRef = 43C628DB215E2D85000D3CDD /* LandmarkDetailViewController.swift */; };
		43C628E2215E40B4000D3CDD /* LandmarkID.plist in Resources */ = {isa = PBXBuildFile; fileRef = 43C628E1215E40B4000D3CDD /* LandmarkID.plist */; };
		43D9E0A92178D45D009363CB /* DataManager.swift in Sources */ = {isa = PBXBuildFile; fileRef = 43D9E0A82178D45D009363CB /* DataManager.swift */; };
		43EE51A12193074D00D9DAFA /* Reachability.swift in Sources */ = {isa = PBXBuildFile; fileRef = 43EE51A02193074D00D9DAFA /* Reachability.swift */; };
		49233B5E53FDAB012FD14EA2 /* Pods_Landmark_ID.framework in Frameworks */ = {isa = PBXBuildFile; fileRef = 1966F5D479A1083379108F8D /* Pods_Landmark_ID.framework */; };
		8067596725654FD600788F8F /* LandmarkListViewModel.swift in Sources */ = {isa = PBXBuildFile; fileRef = 8067596625654FD600788F8F /* LandmarkListViewModel.swift */; };
		8067596D256551EF00788F8F /* ImageSourceViewModel.swift in Sources */ = {isa = PBXBuildFile; fileRef = 8067596C256551EF00788F8F /* ImageSourceViewModel.swift */; };
		80675A0D2571235400788F8F /* HomeView.swift in Sources */ = {isa = PBXBuildFile; fileRef = 80675A0C2571235400788F8F /* HomeView.swift */; };
		80675A1D25713ECE00788F8F /* ViewRouter.swift in Sources */ = {isa = PBXBuildFile; fileRef = 80675A1C25713ECE00788F8F /* ViewRouter.swift */; };
/* End PBXBuildFile section */

/* Begin PBXContainerItemProxy section */
		434B98F021936D1E00313D26 /* PBXContainerItemProxy */ = {
			isa = PBXContainerItemProxy;
			containerPortal = 434B98E821936D1E00313D26 /* WikipediaKit.xcodeproj */;
			proxyType = 2;
			remoteGlobalIDString = 27E365081E81757500F39F78;
			remoteInfo = "WikipediaKit-macOS";
		};
		434B98F221936D1E00313D26 /* PBXContainerItemProxy */ = {
			isa = PBXContainerItemProxy;
			containerPortal = 434B98E821936D1E00313D26 /* WikipediaKit.xcodeproj */;
			proxyType = 2;
			remoteGlobalIDString = 27E365471E81AC6A00F39F78;
			remoteInfo = "WikipediaKit-iOS";
		};
		434B98F421936D1E00313D26 /* PBXContainerItemProxy */ = {
			isa = PBXContainerItemProxy;
			containerPortal = 434B98E821936D1E00313D26 /* WikipediaKit.xcodeproj */;
			proxyType = 2;
			remoteGlobalIDString = 27E3658A1E81C95D00F39F78;
			remoteInfo = "WikipediaKit-watchOS";
		};
		434B98F621936D1E00313D26 /* PBXContainerItemProxy */ = {
			isa = PBXContainerItemProxy;
			containerPortal = 434B98E821936D1E00313D26 /* WikipediaKit.xcodeproj */;
			proxyType = 2;
			remoteGlobalIDString = 27E365AC1E81C9E300F39F78;
			remoteInfo = "WikipediaKit-tvOS";
		};
		434B98F821936D1E00313D26 /* PBXContainerItemProxy */ = {
			isa = PBXContainerItemProxy;
			containerPortal = 434B98E821936D1E00313D26 /* WikipediaKit.xcodeproj */;
			proxyType = 2;
			remoteGlobalIDString = 274EFCDD1EB899E90047428B;
			remoteInfo = WikipediaKitTests;
		};
		437AE3D22195E51B003323E1 /* PBXContainerItemProxy */ = {
			isa = PBXContainerItemProxy;
			containerPortal = 434B98E821936D1E00313D26 /* WikipediaKit.xcodeproj */;
			proxyType = 1;
			remoteGlobalIDString = 27E365461E81AC6A00F39F78;
			remoteInfo = "WikipediaKit-iOS";
		};
/* End PBXContainerItemProxy section */

/* Begin PBXCopyFilesBuildPhase section */
		437AE3D42195E51C003323E1 /* Embed Frameworks */ = {
			isa = PBXCopyFilesBuildPhase;
			buildActionMask = 2147483647;
			dstPath = "";
			dstSubfolderSpec = 10;
			files = (
				437AE3D12195E51B003323E1 /* WikipediaKit.framework in Embed Frameworks */,
			);
			name = "Embed Frameworks";
			runOnlyForDeploymentPostprocessing = 0;
		};
/* End PBXCopyFilesBuildPhase section */

/* Begin PBXFileReference section */
		1966F5D479A1083379108F8D /* Pods_Landmark_ID.framework */ = {isa = PBXFileReference; explicitFileType = wrapper.framework; includeInIndex = 0; path = Pods_Landmark_ID.framework; sourceTree = BUILT_PRODUCTS_DIR; };
		43008D532189E23F00AE6256 /* DesignView.swift */ = {isa = PBXFileReference; lastKnownFileType = sourcecode.swift; path = DesignView.swift; sourceTree = "<group>"; };
		434B98E821936D1E00313D26 /* WikipediaKit.xcodeproj */ = {isa = PBXFileReference; lastKnownFileType = "wrapper.pb-project"; name = WikipediaKit.xcodeproj; path = "WikipediaKit-master/WikipediaKit.xcodeproj"; sourceTree = "<group>"; };
		434B9909219377C900313D26 /* README.md */ = {isa = PBXFileReference; lastKnownFileType = net.daringfireball.markdown; name = README.md; path = "Supporting Files/README.md"; sourceTree = SOURCE_ROOT; };
		4372DF72215D32AD00C5B469 /* Landmark ID.app */ = {isa = PBXFileReference; explicitFileType = wrapper.application; includeInIndex = 0; path = "Landmark ID.app"; sourceTree = BUILT_PRODUCTS_DIR; };
		4372DF75215D32AD00C5B469 /* AppDelegate.swift */ = {isa = PBXFileReference; lastKnownFileType = sourcecode.swift; path = AppDelegate.swift; sourceTree = "<group>"; };
		4372DF7A215D32AD00C5B469 /* Base */ = {isa = PBXFileReference; lastKnownFileType = file.storyboard; name = Base; path = Base.lproj/Main.storyboard; sourceTree = "<group>"; };
		4372DF7F215D32AD00C5B469 /* Assets.xcassets */ = {isa = PBXFileReference; lastKnownFileType = folder.assetcatalog; path = Assets.xcassets; sourceTree = "<group>"; };
		4372DF82215D32AD00C5B469 /* Base */ = {isa = PBXFileReference; lastKnownFileType = file.storyboard; name = Base; path = Base.lproj/LaunchScreen.storyboard; sourceTree = "<group>"; };
		4372DF84215D32AD00C5B469 /* Info.plist */ = {isa = PBXFileReference; lastKnownFileType = text.plist.xml; path = Info.plist; sourceTree = "<group>"; };
		437D6301217A0E2C00AB0A9A /* LandmarkCell.swift */ = {isa = PBXFileReference; lastKnownFileType = sourcecode.swift; path = LandmarkCell.swift; sourceTree = "<group>"; };
		437D6354217CAF5400AB0A9A /* WebViewController.swift */ = {isa = PBXFileReference; lastKnownFileType = sourcecode.swift; path = WebViewController.swift; sourceTree = "<group>"; };
		439C31B5216FAF34001214D5 /* WhatLandmark?.xcdatamodel */ = {isa = PBXFileReference; lastKnownFileType = wrapper.xcdatamodel; path = "WhatLandmark?.xcdatamodel"; sourceTree = "<group>"; };
		43C628D3215E2CD8000D3CDD /* ImageSourceViewController.swift */ = {isa = PBXFileReference; lastKnownFileType = sourcecode.swift; path = ImageSourceViewController.swift; sourceTree = "<group>"; };
		43C628D9215E2D58000D3CDD /* LandmarkListViewController.swift */ = {isa = PBXFileReference; lastKnownFileType = sourcecode.swift; path = LandmarkListViewController.swift; sourceTree = "<group>"; };
		43C628DB215E2D85000D3CDD /* LandmarkDetailViewController.swift */ = {isa = PBXFileReference; lastKnownFileType = sourcecode.swift; path = LandmarkDetailViewController.swift; sourceTree = "<group>"; };
		43C628E1215E40B4000D3CDD /* LandmarkID.plist */ = {isa = PBXFileReference; lastKnownFileType = text.plist.xml; path = LandmarkID.plist; sourceTree = "<group>"; };
		43D9E0A82178D45D009363CB /* DataManager.swift */ = {isa = PBXFileReference; lastKnownFileType = sourcecode.swift; path = DataManager.swift; sourceTree = "<group>"; };
		43EE51A02193074D00D9DAFA /* Reachability.swift */ = {isa = PBXFileReference; lastKnownFileType = sourcecode.swift; path = Reachability.swift; sourceTree = "<group>"; };
		47B3125DEA13820C42A5B96C /* Pods-Landmark ID.debug.xcconfig */ = {isa = PBXFileReference; includeInIndex = 1; lastKnownFileType = text.xcconfig; name = "Pods-Landmark ID.debug.xcconfig"; path = "Pods/Target Support Files/Pods-Landmark ID/Pods-Landmark ID.debug.xcconfig"; sourceTree = "<group>"; };
		61EA673585BDDBA198D598EC /* Pods-Landmark ID.release.xcconfig */ = {isa = PBXFileReference; includeInIndex = 1; lastKnownFileType = text.xcconfig; name = "Pods-Landmark ID.release.xcconfig"; path = "Pods/Target Support Files/Pods-Landmark ID/Pods-Landmark ID.release.xcconfig"; sourceTree = "<group>"; };
		8067596625654FD600788F8F /* LandmarkListViewModel.swift */ = {isa = PBXFileReference; lastKnownFileType = sourcecode.swift; path = LandmarkListViewModel.swift; sourceTree = "<group>"; };
		8067596C256551EF00788F8F /* ImageSourceViewModel.swift */ = {isa = PBXFileReference; lastKnownFileType = sourcecode.swift; path = ImageSourceViewModel.swift; sourceTree = "<group>"; };
		80675A0C2571235400788F8F /* HomeView.swift */ = {isa = PBXFileReference; lastKnownFileType = sourcecode.swift; path = HomeView.swift; sourceTree = "<group>"; };
		80675A1C25713ECE00788F8F /* ViewRouter.swift */ = {isa = PBXFileReference; lastKnownFileType = sourcecode.swift; path = ViewRouter.swift; sourceTree = "<group>"; };
		806B081C25654EE5007AAEDE /* LandmarkID */ = {isa = PBXFileReference; lastKnownFileType = folder; path = LandmarkID; sourceTree = "<group>"; };
/* End PBXFileReference section */

/* Begin PBXFrameworksBuildPhase section */
		4372DF6F215D32AD00C5B469 /* Frameworks */ = {
			isa = PBXFrameworksBuildPhase;
			buildActionMask = 2147483647;
			files = (
				49233B5E53FDAB012FD14EA2 /* Pods_Landmark_ID.framework in Frameworks */,
				437AE3D02195E51B003323E1 /* WikipediaKit.framework in Frameworks */,
			);
			runOnlyForDeploymentPostprocessing = 0;
		};
/* End PBXFrameworksBuildPhase section */

/* Begin PBXGroup section */
		0590CA2BE5BEFE2680963A29 /* Pods */ = {
			isa = PBXGroup;
			children = (
				47B3125DEA13820C42A5B96C /* Pods-Landmark ID.debug.xcconfig */,
				61EA673585BDDBA198D598EC /* Pods-Landmark ID.release.xcconfig */,
			);
			name = Pods;
			path = ..;
			sourceTree = "<group>";
		};
		434B98E921936D1E00313D26 /* Products */ = {
			isa = PBXGroup;
			children = (
				434B98F121936D1E00313D26 /* WikipediaKit.framework */,
				434B98F321936D1E00313D26 /* WikipediaKit.framework */,
				434B98F521936D1E00313D26 /* WikipediaKit.framework */,
				434B98F721936D1E00313D26 /* WikipediaKit.framework */,
				434B98F921936D1E00313D26 /* WikipediaKitTests.xctest */,
			);
			name = Products;
			sourceTree = "<group>";
		};
		4372DF69215D32AD00C5B469 = {
			isa = PBXGroup;
			children = (
				806B081C25654EE5007AAEDE /* LandmarkID */,
				434B98E821936D1E00313D26 /* WikipediaKit.xcodeproj */,
				4372DF74215D32AD00C5B469 /* Landmark ID */,
			);
			sourceTree = "<group>";
		};
		4372DF73215D32AD00C5B469 /* Products */ = {
			isa = PBXGroup;
			children = (
				4372DF72215D32AD00C5B469 /* Landmark ID.app */,
			);
			name = Products;
			path = "Supporting Files";
			sourceTree = "<group>";
		};
		4372DF74215D32AD00C5B469 /* Landmark ID */ = {
			isa = PBXGroup;
			children = (
				806B081A25654E05007AAEDE /* Delegates */,
				80675A122571236100788F8F /* Views */,
				43C628C7215D3AA5000D3CDD /* View Controllers */,
				806B081B25654E8D007AAEDE /* View Models */,
				43C628C5215D3A91000D3CDD /* Models */,
				806B081825654B25007AAEDE /* Managers */,
				806B081725654AE3007AAEDE /* Storyboards */,
				806B081625654A63007AAEDE /* Resources */,
				806B081525654A3E007AAEDE /* Supporting Files */,
				4372DF73215D32AD00C5B469 /* Products */,
				0590CA2BE5BEFE2680963A29 /* Pods */,
				BA65D48C25AE66D32B1C7084 /* Frameworks */,
			);
			path = "Landmark ID";
			sourceTree = "<group>";
		};
		43C628C5215D3A91000D3CDD /* Models */ = {
			isa = PBXGroup;
			children = (
				439C31B4216FAF34001214D5 /* LandmarkID.xcdatamodeld */,
			);
			path = Models;
			sourceTree = "<group>";
		};
		43C628C6215D3A9B000D3CDD /* Table View Cells */ = {
			isa = PBXGroup;
			children = (
				437D6301217A0E2C00AB0A9A /* LandmarkCell.swift */,
				43008D532189E23F00AE6256 /* DesignView.swift */,
			);
			path = "Table View Cells";
			sourceTree = "<group>";
		};
		43C628C7215D3AA5000D3CDD /* View Controllers */ = {
			isa = PBXGroup;
			children = (
				43C628D3215E2CD8000D3CDD /* ImageSourceViewController.swift */,
				43C628D9215E2D58000D3CDD /* LandmarkListViewController.swift */,
				43C628DB215E2D85000D3CDD /* LandmarkDetailViewController.swift */,
				437D6354217CAF5400AB0A9A /* WebViewController.swift */,
				43C628C6215D3A9B000D3CDD /* Table View Cells */,
			);
			path = "View Controllers";
			sourceTree = "<group>";
		};
		80675A122571236100788F8F /* Views */ = {
			isa = PBXGroup;
			children = (
				80675A0C2571235400788F8F /* HomeView.swift */,
				80675A1C25713ECE00788F8F /* ViewRouter.swift */,
			);
			path = Views;
			sourceTree = "<group>";
		};
		806B081525654A3E007AAEDE /* Supporting Files */ = {
			isa = PBXGroup;
			children = (
				43C628E1215E40B4000D3CDD /* LandmarkID.plist */,
				434B9909219377C900313D26 /* README.md */,
				4372DF84215D32AD00C5B469 /* Info.plist */,
			);
			path = "Supporting Files";
			sourceTree = "<group>";
		};
		806B081625654A63007AAEDE /* Resources */ = {
			isa = PBXGroup;
			children = (
				4372DF7F215D32AD00C5B469 /* Assets.xcassets */,
			);
			path = Resources;
			sourceTree = "<group>";
		};
		806B081725654AE3007AAEDE /* Storyboards */ = {
			isa = PBXGroup;
			children = (
				4372DF79215D32AD00C5B469 /* Main.storyboard */,
				4372DF81215D32AD00C5B469 /* LaunchScreen.storyboard */,
			);
			path = Storyboards;
			sourceTree = "<group>";
		};
		806B081825654B25007AAEDE /* Managers */ = {
			isa = PBXGroup;
			children = (
				43EE51A02193074D00D9DAFA /* Reachability.swift */,
				43D9E0A82178D45D009363CB /* DataManager.swift */,
			);
			path = Managers;
			sourceTree = "<group>";
		};
		806B081A25654E05007AAEDE /* Delegates */ = {
			isa = PBXGroup;
			children = (
				4372DF75215D32AD00C5B469 /* AppDelegate.swift */,
			);
			path = Delegates;
			sourceTree = "<group>";
		};
		806B081B25654E8D007AAEDE /* View Models */ = {
			isa = PBXGroup;
			children = (
				8067596625654FD600788F8F /* LandmarkListViewModel.swift */,
				8067596C256551EF00788F8F /* ImageSourceViewModel.swift */,
			);
			path = "View Models";
			sourceTree = "<group>";
		};
		BA65D48C25AE66D32B1C7084 /* Frameworks */ = {
			isa = PBXGroup;
			children = (
				1966F5D479A1083379108F8D /* Pods_Landmark_ID.framework */,
			);
			name = Frameworks;
			path = ..;
			sourceTree = "<group>";
		};
/* End PBXGroup section */

/* Begin PBXNativeTarget section */
		4372DF71215D32AD00C5B469 /* Landmark ID */ = {
			isa = PBXNativeTarget;
			buildConfigurationList = 4372DF9D215D32AE00C5B469 /* Build configuration list for PBXNativeTarget "Landmark ID" */;
			buildPhases = (
				46A454EE7782B80AA43B073B /* [CP] Check Pods Manifest.lock */,
				4372DF6E215D32AD00C5B469 /* Sources */,
				4372DF6F215D32AD00C5B469 /* Frameworks */,
				4372DF70215D32AD00C5B469 /* Resources */,
				1DE7B110D5A65179C849DC8D /* [CP] Embed Pods Frameworks */,
				437AE3D42195E51C003323E1 /* Embed Frameworks */,
			);
			buildRules = (
			);
			dependencies = (
				437AE3D32195E51B003323E1 /* PBXTargetDependency */,
			);
			name = "Landmark ID";
			productName = "WhatLandmark?";
			productReference = 4372DF72215D32AD00C5B469 /* Landmark ID.app */;
			productType = "com.apple.product-type.application";
		};
/* End PBXNativeTarget section */

/* Begin PBXProject section */
		4372DF6A215D32AD00C5B469 /* Project object */ = {
			isa = PBXProject;
			attributes = {
				LastSwiftUpdateCheck = 1000;
				LastUpgradeCheck = 1010;
				ORGANIZATIONNAME = "Pete Chambers";
				TargetAttributes = {
					4372DF71215D32AD00C5B469 = {
						CreatedOnToolsVersion = 10.0;
						LastSwiftMigration = 1200;
					};
				};
			};
			buildConfigurationList = 4372DF6D215D32AD00C5B469 /* Build configuration list for PBXProject "Landmark ID" */;
			compatibilityVersion = "Xcode 9.3";
			developmentRegion = en;
			hasScannedForEncodings = 0;
			knownRegions = (
				en,
				Base,
			);
			mainGroup = 4372DF69215D32AD00C5B469;
			productRefGroup = 4372DF73215D32AD00C5B469 /* Products */;
			projectDirPath = "";
			projectReferences = (
				{
					ProductGroup = 434B98E921936D1E00313D26 /* Products */;
					ProjectRef = 434B98E821936D1E00313D26 /* WikipediaKit.xcodeproj */;
				},
			);
			projectRoot = "";
			targets = (
				4372DF71215D32AD00C5B469 /* Landmark ID */,
			);
		};
/* End PBXProject section */

/* Begin PBXReferenceProxy section */
		434B98F121936D1E00313D26 /* WikipediaKit.framework */ = {
			isa = PBXReferenceProxy;
			fileType = wrapper.framework;
			path = WikipediaKit.framework;
			remoteRef = 434B98F021936D1E00313D26 /* PBXContainerItemProxy */;
			sourceTree = BUILT_PRODUCTS_DIR;
		};
		434B98F321936D1E00313D26 /* WikipediaKit.framework */ = {
			isa = PBXReferenceProxy;
			fileType = wrapper.framework;
			path = WikipediaKit.framework;
			remoteRef = 434B98F221936D1E00313D26 /* PBXContainerItemProxy */;
			sourceTree = BUILT_PRODUCTS_DIR;
		};
		434B98F521936D1E00313D26 /* WikipediaKit.framework */ = {
			isa = PBXReferenceProxy;
			fileType = wrapper.framework;
			path = WikipediaKit.framework;
			remoteRef = 434B98F421936D1E00313D26 /* PBXContainerItemProxy */;
			sourceTree = BUILT_PRODUCTS_DIR;
		};
		434B98F721936D1E00313D26 /* WikipediaKit.framework */ = {
			isa = PBXReferenceProxy;
			fileType = wrapper.framework;
			path = WikipediaKit.framework;
			remoteRef = 434B98F621936D1E00313D26 /* PBXContainerItemProxy */;
			sourceTree = BUILT_PRODUCTS_DIR;
		};
		434B98F921936D1E00313D26 /* WikipediaKitTests.xctest */ = {
			isa = PBXReferenceProxy;
			fileType = wrapper.cfbundle;
			path = WikipediaKitTests.xctest;
			remoteRef = 434B98F821936D1E00313D26 /* PBXContainerItemProxy */;
			sourceTree = BUILT_PRODUCTS_DIR;
		};
/* End PBXReferenceProxy section */

/* Begin PBXResourcesBuildPhase section */
		4372DF70215D32AD00C5B469 /* Resources */ = {
			isa = PBXResourcesBuildPhase;
			buildActionMask = 2147483647;
			files = (
				4372DF83215D32AD00C5B469 /* LaunchScreen.storyboard in Resources */,
				4372DF80215D32AD00C5B469 /* Assets.xcassets in Resources */,
				43C628E2215E40B4000D3CDD /* LandmarkID.plist in Resources */,
				4372DF7B215D32AD00C5B469 /* Main.storyboard in Resources */,
			);
			runOnlyForDeploymentPostprocessing = 0;
		};
/* End PBXResourcesBuildPhase section */

/* Begin PBXShellScriptBuildPhase section */
		1DE7B110D5A65179C849DC8D /* [CP] Embed Pods Frameworks */ = {
			isa = PBXShellScriptBuildPhase;
			buildActionMask = 2147483647;
			files = (
			);
			inputFileListPaths = (
				"${PODS_ROOT}/Target Support Files/Pods-Landmark ID/Pods-Landmark ID-frameworks-${CONFIGURATION}-input-files.xcfilelist",
			);
			name = "[CP] Embed Pods Frameworks";
			outputFileListPaths = (
				"${PODS_ROOT}/Target Support Files/Pods-Landmark ID/Pods-Landmark ID-frameworks-${CONFIGURATION}-output-files.xcfilelist",
			);
			runOnlyForDeploymentPostprocessing = 0;
			shellPath = /bin/sh;
			shellScript = "\"${PODS_ROOT}/Target Support Files/Pods-Landmark ID/Pods-Landmark ID-frameworks.sh\"\n";
			showEnvVarsInLog = 0;
		};
		46A454EE7782B80AA43B073B /* [CP] Check Pods Manifest.lock */ = {
			isa = PBXShellScriptBuildPhase;
			buildActionMask = 2147483647;
			files = (
			);
			inputPaths = (
				"${PODS_PODFILE_DIR_PATH}/Podfile.lock",
				"${PODS_ROOT}/Manifest.lock",
			);
			name = "[CP] Check Pods Manifest.lock";
			outputPaths = (
				"$(DERIVED_FILE_DIR)/Pods-Landmark ID-checkManifestLockResult.txt",
			);
			runOnlyForDeploymentPostprocessing = 0;
			shellPath = /bin/sh;
			shellScript = "diff \"${PODS_PODFILE_DIR_PATH}/Podfile.lock\" \"${PODS_ROOT}/Manifest.lock\" > /dev/null\nif [ $? != 0 ] ; then\n    # print error to STDERR\n    echo \"error: The sandbox is not in sync with the Podfile.lock. Run 'pod install' or update your CocoaPods installation.\" >&2\n    exit 1\nfi\n# This output is used by Xcode 'outputs' to avoid re-running this script phase.\necho \"SUCCESS\" > \"${SCRIPT_OUTPUT_FILE_0}\"\n";
			showEnvVarsInLog = 0;
		};
/* End PBXShellScriptBuildPhase section */

/* Begin PBXSourcesBuildPhase section */
		4372DF6E215D32AD00C5B469 /* Sources */ = {
			isa = PBXSourcesBuildPhase;
			buildActionMask = 2147483647;
			files = (
				43C628DC215E2D85000D3CDD /* LandmarkDetailViewController.swift in Sources */,
				80675A1D25713ECE00788F8F /* ViewRouter.swift in Sources */,
				437D6302217A0E2C00AB0A9A /* LandmarkCell.swift in Sources */,
				80675A0D2571235400788F8F /* HomeView.swift in Sources */,
				437D6355217CAF5400AB0A9A /* WebViewController.swift in Sources */,
				8067596725654FD600788F8F /* LandmarkListViewModel.swift in Sources */,
				43008D542189E23F00AE6256 /* DesignView.swift in Sources */,
				4372DF76215D32AD00C5B469 /* AppDelegate.swift in Sources */,
				43D9E0A92178D45D009363CB /* DataManager.swift in Sources */,
				439C31B6216FAF34001214D5 /* LandmarkID.xcdatamodeld in Sources */,
				43C628DA215E2D58000D3CDD /* LandmarkListViewController.swift in Sources */,
				8067596D256551EF00788F8F /* ImageSourceViewModel.swift in Sources */,
				43C628D4215E2CD8000D3CDD /* ImageSourceViewController.swift in Sources */,
				43EE51A12193074D00D9DAFA /* Reachability.swift in Sources */,
			);
			runOnlyForDeploymentPostprocessing = 0;
		};
/* End PBXSourcesBuildPhase section */

/* Begin PBXTargetDependency section */
		437AE3D32195E51B003323E1 /* PBXTargetDependency */ = {
			isa = PBXTargetDependency;
			name = "WikipediaKit-iOS";
			targetProxy = 437AE3D22195E51B003323E1 /* PBXContainerItemProxy */;
		};
/* End PBXTargetDependency section */

/* Begin PBXVariantGroup section */
		4372DF79215D32AD00C5B469 /* Main.storyboard */ = {
			isa = PBXVariantGroup;
			children = (
				4372DF7A215D32AD00C5B469 /* Base */,
			);
			name = Main.storyboard;
			sourceTree = "<group>";
		};
		4372DF81215D32AD00C5B469 /* LaunchScreen.storyboard */ = {
			isa = PBXVariantGroup;
			children = (
				4372DF82215D32AD00C5B469 /* Base */,
			);
			name = LaunchScreen.storyboard;
			sourceTree = "<group>";
		};
/* End PBXVariantGroup section */

/* Begin XCBuildConfiguration section */
		4372DF9B215D32AE00C5B469 /* Debug */ = {
			isa = XCBuildConfiguration;
			buildSettings = {
				ALWAYS_SEARCH_USER_PATHS = NO;
				CLANG_ANALYZER_NONNULL = YES;
				CLANG_ANALYZER_NUMBER_OBJECT_CONVERSION = YES_AGGRESSIVE;
				CLANG_CXX_LANGUAGE_STANDARD = "gnu++14";
				CLANG_CXX_LIBRARY = "libc++";
				CLANG_ENABLE_MODULES = YES;
				CLANG_ENABLE_OBJC_ARC = YES;
				CLANG_ENABLE_OBJC_WEAK = YES;
				CLANG_WARN_BLOCK_CAPTURE_AUTORELEASING = YES;
				CLANG_WARN_BOOL_CONVERSION = YES;
				CLANG_WARN_COMMA = YES;
				CLANG_WARN_CONSTANT_CONVERSION = YES;
				CLANG_WARN_DEPRECATED_OBJC_IMPLEMENTATIONS = YES;
				CLANG_WARN_DIRECT_OBJC_ISA_USAGE = YES_ERROR;
				CLANG_WARN_DOCUMENTATION_COMMENTS = YES;
				CLANG_WARN_EMPTY_BODY = YES;
				CLANG_WARN_ENUM_CONVERSION = YES;
				CLANG_WARN_INFINITE_RECURSION = YES;
				CLANG_WARN_INT_CONVERSION = YES;
				CLANG_WARN_NON_LITERAL_NULL_CONVERSION = YES;
				CLANG_WARN_OBJC_IMPLICIT_RETAIN_SELF = YES;
				CLANG_WARN_OBJC_LITERAL_CONVERSION = YES;
				CLANG_WARN_OBJC_ROOT_CLASS = YES_ERROR;
				CLANG_WARN_RANGE_LOOP_ANALYSIS = YES;
				CLANG_WARN_STRICT_PROTOTYPES = YES;
				CLANG_WARN_SUSPICIOUS_MOVE = YES;
				CLANG_WARN_UNGUARDED_AVAILABILITY = YES_AGGRESSIVE;
				CLANG_WARN_UNREACHABLE_CODE = YES;
				CLANG_WARN__DUPLICATE_METHOD_MATCH = YES;
				CODE_SIGN_IDENTITY = "iPhone Developer";
				COPY_PHASE_STRIP = NO;
				DEBUG_INFORMATION_FORMAT = dwarf;
				ENABLE_STRICT_OBJC_MSGSEND = YES;
				ENABLE_TESTABILITY = YES;
				GCC_C_LANGUAGE_STANDARD = gnu11;
				GCC_DYNAMIC_NO_PIC = NO;
				GCC_NO_COMMON_BLOCKS = YES;
				GCC_OPTIMIZATION_LEVEL = 0;
				GCC_PREPROCESSOR_DEFINITIONS = (
					"DEBUG=1",
					"$(inherited)",
				);
				GCC_WARN_64_TO_32_BIT_CONVERSION = YES;
				GCC_WARN_ABOUT_RETURN_TYPE = YES_ERROR;
				GCC_WARN_UNDECLARED_SELECTOR = YES;
				GCC_WARN_UNINITIALIZED_AUTOS = YES_AGGRESSIVE;
				GCC_WARN_UNUSED_FUNCTION = YES;
				GCC_WARN_UNUSED_VARIABLE = YES;
				IPHONEOS_DEPLOYMENT_TARGET = 14.2;
				MTL_ENABLE_DEBUG_INFO = INCLUDE_SOURCE;
				MTL_FAST_MATH = YES;
				ONLY_ACTIVE_ARCH = YES;
				SDKROOT = iphoneos;
				SWIFT_ACTIVE_COMPILATION_CONDITIONS = DEBUG;
				SWIFT_OPTIMIZATION_LEVEL = "-Onone";
			};
			name = Debug;
		};
		4372DF9C215D32AE00C5B469 /* Release */ = {
			isa = XCBuildConfiguration;
			buildSettings = {
				ALWAYS_SEARCH_USER_PATHS = NO;
				CLANG_ANALYZER_NONNULL = YES;
				CLANG_ANALYZER_NUMBER_OBJECT_CONVERSION = YES_AGGRESSIVE;
				CLANG_CXX_LANGUAGE_STANDARD = "gnu++14";
				CLANG_CXX_LIBRARY = "libc++";
				CLANG_ENABLE_MODULES = YES;
				CLANG_ENABLE_OBJC_ARC = YES;
				CLANG_ENABLE_OBJC_WEAK = YES;
				CLANG_WARN_BLOCK_CAPTURE_AUTORELEASING = YES;
				CLANG_WARN_BOOL_CONVERSION = YES;
				CLANG_WARN_COMMA = YES;
				CLANG_WARN_CONSTANT_CONVERSION = YES;
				CLANG_WARN_DEPRECATED_OBJC_IMPLEMENTATIONS = YES;
				CLANG_WARN_DIRECT_OBJC_ISA_USAGE = YES_ERROR;
				CLANG_WARN_DOCUMENTATION_COMMENTS = YES;
				CLANG_WARN_EMPTY_BODY = YES;
				CLANG_WARN_ENUM_CONVERSION = YES;
				CLANG_WARN_INFINITE_RECURSION = YES;
				CLANG_WARN_INT_CONVERSION = YES;
				CLANG_WARN_NON_LITERAL_NULL_CONVERSION = YES;
				CLANG_WARN_OBJC_IMPLICIT_RETAIN_SELF = YES;
				CLANG_WARN_OBJC_LITERAL_CONVERSION = YES;
				CLANG_WARN_OBJC_ROOT_CLASS = YES_ERROR;
				CLANG_WARN_RANGE_LOOP_ANALYSIS = YES;
				CLANG_WARN_STRICT_PROTOTYPES = YES;
				CLANG_WARN_SUSPICIOUS_MOVE = YES;
				CLANG_WARN_UNGUARDED_AVAILABILITY = YES_AGGRESSIVE;
				CLANG_WARN_UNREACHABLE_CODE = YES;
				CLANG_WARN__DUPLICATE_METHOD_MATCH = YES;
				CODE_SIGN_IDENTITY = "iPhone Developer";
				COPY_PHASE_STRIP = NO;
				DEBUG_INFORMATION_FORMAT = "dwarf-with-dsym";
				ENABLE_NS_ASSERTIONS = NO;
				ENABLE_STRICT_OBJC_MSGSEND = YES;
				GCC_C_LANGUAGE_STANDARD = gnu11;
				GCC_NO_COMMON_BLOCKS = YES;
				GCC_WARN_64_TO_32_BIT_CONVERSION = YES;
				GCC_WARN_ABOUT_RETURN_TYPE = YES_ERROR;
				GCC_WARN_UNDECLARED_SELECTOR = YES;
				GCC_WARN_UNINITIALIZED_AUTOS = YES_AGGRESSIVE;
				GCC_WARN_UNUSED_FUNCTION = YES;
				GCC_WARN_UNUSED_VARIABLE = YES;
				IPHONEOS_DEPLOYMENT_TARGET = 14.2;
				MTL_ENABLE_DEBUG_INFO = NO;
				MTL_FAST_MATH = YES;
				SDKROOT = iphoneos;
				SWIFT_COMPILATION_MODE = wholemodule;
				SWIFT_OPTIMIZATION_LEVEL = "-O";
				VALIDATE_PRODUCT = YES;
			};
			name = Release;
		};
		4372DF9E215D32AE00C5B469 /* Debug */ = {
			isa = XCBuildConfiguration;
			baseConfigurationReference = 47B3125DEA13820C42A5B96C /* Pods-Landmark ID.debug.xcconfig */;
			buildSettings = {
				ALWAYS_EMBED_SWIFT_STANDARD_LIBRARIES = YES;
				ASSETCATALOG_COMPILER_APPICON_NAME = AppIcon;
				CODE_SIGN_STYLE = Automatic;
				DEVELOPMENT_TEAM = U658349NK9;
				INFOPLIST_FILE = "$(SRCROOT)/Landmark ID/Supporting Files/Info.plist";
				LD_RUNPATH_SEARCH_PATHS = (
					"$(inherited)",
					"@executable_path/Frameworks",
				);
				PRODUCT_BUNDLE_IDENTIFIER = "Pete-Chambers.LandmarkID";
				PRODUCT_NAME = "$(TARGET_NAME)";
				SWIFT_VERSION = 5.0;
				TARGETED_DEVICE_FAMILY = "1,2";
			};
			name = Debug;
		};
		4372DF9F215D32AE00C5B469 /* Release */ = {
			isa = XCBuildConfiguration;
			baseConfigurationReference = 61EA673585BDDBA198D598EC /* Pods-Landmark ID.release.xcconfig */;
			buildSettings = {
				ALWAYS_EMBED_SWIFT_STANDARD_LIBRARIES = YES;
				ASSETCATALOG_COMPILER_APPICON_NAME = AppIcon;
				CODE_SIGN_STYLE = Automatic;
				DEVELOPMENT_TEAM = U658349NK9;
				INFOPLIST_FILE = "$(SRCROOT)/Landmark ID/Supporting Files/Info.plist";
				LD_RUNPATH_SEARCH_PATHS = (
					"$(inherited)",
					"@executable_path/Frameworks",
				);
				PRODUCT_BUNDLE_IDENTIFIER = "Pete-Chambers.LandmarkID";
				PRODUCT_NAME = "$(TARGET_NAME)";
				SWIFT_VERSION = 5.0;
				TARGETED_DEVICE_FAMILY = "1,2";
			};
			name = Release;
		};
/* End XCBuildConfiguration section */

/* Begin XCConfigurationList section */
		4372DF6D215D32AD00C5B469 /* Build configuration list for PBXProject "Landmark ID" */ = {
			isa = XCConfigurationList;
			buildConfigurations = (
				4372DF9B215D32AE00C5B469 /* Debug */,
				4372DF9C215D32AE00C5B469 /* Release */,
			);
			defaultConfigurationIsVisible = 0;
			defaultConfigurationName = Release;
		};
		4372DF9D215D32AE00C5B469 /* Build configuration list for PBXNativeTarget "Landmark ID" */ = {
			isa = XCConfigurationList;
			buildConfigurations = (
				4372DF9E215D32AE00C5B469 /* Debug */,
				4372DF9F215D32AE00C5B469 /* Release */,
			);
			defaultConfigurationIsVisible = 0;
			defaultConfigurationName = Release;
		};
/* End XCConfigurationList section */

/* Begin XCVersionGroup section */
		439C31B4216FAF34001214D5 /* LandmarkID.xcdatamodeld */ = {
			isa = XCVersionGroup;
			children = (
				439C31B5216FAF34001214D5 /* WhatLandmark?.xcdatamodel */,
			);
			currentVersion = 439C31B5216FAF34001214D5 /* WhatLandmark?.xcdatamodel */;
			path = LandmarkID.xcdatamodeld;
			sourceTree = "<group>";
			versionGroupType = wrapper.xcdatamodel;
		};
/* End XCVersionGroup section */
	};
	rootObject = 4372DF6A215D32AD00C5B469 /* Project object */;
}
